
Microsoft Visual Studio Solution File, Format Version 12.00
# Visual Studio Version 16
VisualStudioVersion = 16.0.28606.126
MinimumVisualStudioVersion = 10.0.40219.1
Project("{FAE04EC0-301F-11D3-BF4B-00C04F79EFBC}") = "WebApplicationBlazor.Server", "WebApplicationBlazor.Server\WebApplicationBlazor.Server.csproj", "{C9DDB5AF-A195-4E39-BDBF-B310DE39677B}"
EndProject
Project("{FAE04EC0-301F-11D3-BF4B-00C04F79EFBC}") = "WebApplicationBlazor.Client", "WebApplicationBlazor.Client\WebApplicationBlazor.Client.csproj", "{AC665FC7-DF3E-4DE3-8593-8BD8DA5329EB}"
EndProject
Project("{FAE04EC0-301F-11D3-BF4B-00C04F79EFBC}") = "WebApplicationBlazor.Shared", "WebApplicationBlazor.Shared\WebApplicationBlazor.Shared.csproj", "{EA3AB229-D2DE-4FAD-94BA-9AB96E466B63}"
EndProject
Global
	GlobalSection(SolutionConfigurationPlatforms) = preSolution
		Debug|Any CPU = Debug|Any CPU
		Release|Any CPU = Release|Any CPU
	EndGlobalSection
	GlobalSection(ProjectConfigurationPlatforms) = postSolution
		{C9DDB5AF-A195-4E39-BDBF-B310DE39677B}.Debug|Any CPU.ActiveCfg = Debug|Any CPU
		{C9DDB5AF-A195-4E39-BDBF-B310DE39677B}.Debug|Any CPU.Build.0 = Debug|Any CPU
		{C9DDB5AF-A195-4E39-BDBF-B310DE39677B}.Release|Any CPU.ActiveCfg = Release|Any CPU
		{C9DDB5AF-A195-4E39-BDBF-B310DE39677B}.Release|Any CPU.Build.0 = Release|Any CPU
		{AC665FC7-DF3E-4DE3-8593-8BD8DA5329EB}.Debug|Any CPU.ActiveCfg = Debug|Any CPU
		{AC665FC7-DF3E-4DE3-8593-8BD8DA5329EB}.Debug|Any CPU.Build.0 = Debug|Any CPU
		{AC665FC7-DF3E-4DE3-8593-8BD8DA5329EB}.Release|Any CPU.ActiveCfg = Release|Any CPU
		{AC665FC7-DF3E-4DE3-8593-8BD8DA5329EB}.Release|Any CPU.Build.0 = Release|Any CPU
		{EA3AB229-D2DE-4FAD-94BA-9AB96E466B63}.Debug|Any CPU.ActiveCfg = Debug|Any CPU
		{EA3AB229-D2DE-4FAD-94BA-9AB96E466B63}.Debug|Any CPU.Build.0 = Debug|Any CPU
		{EA3AB229-D2DE-4FAD-94BA-9AB96E466B63}.Release|Any CPU.ActiveCfg = Release|Any CPU
		{EA3AB229-D2DE-4FAD-94BA-9AB96E466B63}.Release|Any CPU.Build.0 = Release|Any CPU
	EndGlobalSection
	GlobalSection(SolutionProperties) = preSolution
		HideSolutionNode = FALSE
	EndGlobalSection
	GlobalSection(ExtensibilityGlobals) = postSolution
		SolutionGuid = {B6EC1A8B-DE26-4DB3-AB0F-C0F4061EA347}
	EndGlobalSection
EndGlobal
